{
  "name": "clinch",
  "version": "1.0.0-beta1",
  "dependencies": {
    "async": {
      "version": "1.3.0",
      "from": "async@*",
      "resolved": "https://registry.npmjs.org/async/-/async-1.3.0.tgz"
    },
    "async-resolve": {
      "version": "0.3.1",
      "from": "async-resolve@*",
      "dependencies": {
        "lodash": {
          "version": "2.4.1",
          "from": "https://registry.npmjs.org/lodash/-/lodash-2.4.1.tgz",
          "resolved": "https://registry.npmjs.org/lodash/-/lodash-2.4.1.tgz"
        },
        "async-cache": {
          "version": "0.1.5",
          "from": "https://registry.npmjs.org/async-cache/-/async-cache-0.1.5.tgz",
          "resolved": "https://registry.npmjs.org/async-cache/-/async-cache-0.1.5.tgz",
          "dependencies": {
            "lru-cache": {
              "version": "2.3.1",
              "from": "lru-cache@2.3.1"
            }
          }
        }
      }
    },
    "detective": {
      "version": "4.1.1",
      "from": "detective@*",
      "resolved": "https://registry.npmjs.org/detective/-/detective-4.1.1.tgz",
      "dependencies": {
        "acorn": {
          "version": "1.2.2",
          "from": "acorn@>=1.0.3 <2.0.0",
          "resolved": "https://registry.npmjs.org/acorn/-/acorn-1.2.2.tgz"
        },
        "defined": {
          "version": "1.0.0",
          "from": "defined@>=1.0.0 <2.0.0",
          "resolved": "https://registry.npmjs.org/defined/-/defined-1.0.0.tgz"
        },
        "escodegen": {
          "version": "1.6.1",
          "from": "escodegen@>=1.4.1 <2.0.0",
          "resolved": "https://registry.npmjs.org/escodegen/-/escodegen-1.6.1.tgz",
          "dependencies": {
            "estraverse": {
              "version": "1.9.3",
              "from": "estraverse@>=1.9.1 <2.0.0",
              "resolved": "https://registry.npmjs.org/estraverse/-/estraverse-1.9.3.tgz"
            },
            "esutils": {
              "version": "1.1.6",
              "from": "esutils@>=1.1.6 <2.0.0",
              "resolved": "https://registry.npmjs.org/esutils/-/esutils-1.1.6.tgz"
            },
            "esprima": {
              "version": "1.2.5",
              "from": "esprima@>=1.2.2 <2.0.0",
              "resolved": "https://registry.npmjs.org/esprima/-/esprima-1.2.5.tgz"
            },
            "optionator": {
              "version": "0.5.0",
              "from": "optionator@>=0.5.0 <0.6.0",
              "resolved": "https://registry.npmjs.org/optionator/-/optionator-0.5.0.tgz",
              "dependencies": {
                "prelude-ls": {
                  "version": "1.1.2",
                  "from": "prelude-ls@>=1.1.1 <1.2.0",
                  "resolved": "https://registry.npmjs.org/prelude-ls/-/prelude-ls-1.1.2.tgz"
                },
                "deep-is": {
                  "version": "0.1.3",
                  "from": "deep-is@>=0.1.2 <0.2.0",
                  "resolved": "https://registry.npmjs.org/deep-is/-/deep-is-0.1.3.tgz"
                },
                "wordwrap": {
                  "version": "0.0.3",
                  "from": "wordwrap@>=0.0.2 <0.1.0",
                  "resolved": "https://registry.npmjs.org/wordwrap/-/wordwrap-0.0.3.tgz"
                },
                "type-check": {
                  "version": "0.3.1",
                  "from": "type-check@>=0.3.1 <0.4.0",
                  "resolved": "https://registry.npmjs.org/type-check/-/type-check-0.3.1.tgz"
                },
                "levn": {
                  "version": "0.2.5",
                  "from": "levn@>=0.2.5 <0.3.0",
                  "resolved": "https://registry.npmjs.org/levn/-/levn-0.2.5.tgz"
                },
                "fast-levenshtein": {
                  "version": "1.0.6",
                  "from": "fast-levenshtein@>=1.0.0 <1.1.0",
                  "resolved": "https://registry.npmjs.org/fast-levenshtein/-/fast-levenshtein-1.0.6.tgz"
                }
              }
            },
            "source-map": {
              "version": "0.1.43",
              "from": "source-map@>=0.1.40 <0.2.0",
              "resolved": "https://registry.npmjs.org/source-map/-/source-map-0.1.43.tgz",
              "dependencies": {
                "amdefine": {
                  "version": "0.1.1",
                  "from": "amdefine@>=0.0.4",
                  "resolved": "https://registry.npmjs.org/amdefine/-/amdefine-0.1.1.tgz"
                }
              }
            }
          }
        }
      }
    },
    "lodash": {
      "version": "3.10.0",
      "from": "lodash@*",
      "resolved": "https://registry.npmjs.org/lodash/-/lodash-3.10.0.tgz"
    },
    "lru-cache": {
      "version": "2.6.5",
      "from": "lru-cache@*",
      "resolved": "https://registry.npmjs.org/lru-cache/-/lru-cache-2.6.5.tgz"
    },
    "shorthash": {
      "version": "0.0.2",
      "from": "shorthash@*"
    }
  }
}
